
Microsoft Visual Studio Solution File, Format Version 12.00
# Visual Studio Version 16
VisualStudioVersion = 16.0.33027.164
MinimumVisualStudioVersion = 10.0.40219.1
Project("{FAE04EC0-301F-11D3-BF4B-00C04F79EFBC}") = "Ejercicio_3", "Ejercicio_3\Ejercicio_3.csproj", "{DE387DFB-E26F-4DE8-BEB9-67C8D2AA042D}"
EndProject
Global
	GlobalSection(SolutionConfigurationPlatforms) = preSolution
		Debug|Any CPU = Debug|Any CPU
		Release|Any CPU = Release|Any CPU
	EndGlobalSection
	GlobalSection(ProjectConfigurationPlatforms) = postSolution
		{DE387DFB-E26F-4DE8-BEB9-67C8D2AA042D}.Debug|Any CPU.ActiveCfg = Debug|Any CPU
		{DE387DFB-E26F-4DE8-BEB9-67C8D2AA042D}.Debug|Any CPU.Build.0 = Debug|Any CPU
		{DE387DFB-E26F-4DE8-BEB9-67C8D2AA042D}.Release|Any CPU.ActiveCfg = Release|Any CPU
		{DE387DFB-E26F-4DE8-BEB9-67C8D2AA042D}.Release|Any CPU.Build.0 = Release|Any CPU
	EndGlobalSection
	GlobalSection(SolutionProperties) = preSolution
		HideSolutionNode = FALSE
	EndGlobalSection
	GlobalSection(ExtensibilityGlobals) = postSolution
		SolutionGuid = {3FD58C2F-599C-4A50-9D66-D6B2A1B8CC52}
	EndGlobalSection
EndGlobal
