
Microsoft Visual Studio Solution File, Format Version 12.00
# Visual Studio Version 16
VisualStudioVersion = 16.0.33027.164
MinimumVisualStudioVersion = 10.0.40219.1
Project("{FAE04EC0-301F-11D3-BF4B-00C04F79EFBC}") = "Ejercicio_2", "Ejercicio_2\Ejercicio_2.csproj", "{BF8696D0-B7DF-4449-94AE-5F93C04C1C9A}"
EndProject
Global
	GlobalSection(SolutionConfigurationPlatforms) = preSolution
		Debug|Any CPU = Debug|Any CPU
		Release|Any CPU = Release|Any CPU
	EndGlobalSection
	GlobalSection(ProjectConfigurationPlatforms) = postSolution
		{BF8696D0-B7DF-4449-94AE-5F93C04C1C9A}.Debug|Any CPU.ActiveCfg = Debug|Any CPU
		{BF8696D0-B7DF-4449-94AE-5F93C04C1C9A}.Debug|Any CPU.Build.0 = Debug|Any CPU
		{BF8696D0-B7DF-4449-94AE-5F93C04C1C9A}.Release|Any CPU.ActiveCfg = Release|Any CPU
		{BF8696D0-B7DF-4449-94AE-5F93C04C1C9A}.Release|Any CPU.Build.0 = Release|Any CPU
	EndGlobalSection
	GlobalSection(SolutionProperties) = preSolution
		HideSolutionNode = FALSE
	EndGlobalSection
	GlobalSection(ExtensibilityGlobals) = postSolution
		SolutionGuid = {6E1708EE-32B2-4C3C-A7AC-FA4CC98CF64F}
	EndGlobalSection
EndGlobal
